
Microsoft Visual Studio Solution File, Format Version 12.00
# Visual Studio Version 16
VisualStudioVersion = 16.0.30804.86
MinimumVisualStudioVersion = 10.0.40219.1
Project("{FAE04EC0-301F-11D3-BF4B-00C04F79EFBC}") = "PaymentSystem", "PaymentSystem\PaymentSystem.csproj", "{7C2F4B36-8589-42FF-89B3-D997B3CEFEED}"
EndProject
Project("{FAE04EC0-301F-11D3-BF4B-00C04F79EFBC}") = "PaymentSystemUnitTest", "PaymentSystemUnitTest\PaymentSystemUnitTest.csproj", "{DABA8E79-6D07-456B-B7A5-16229C0BC6FD}"
EndProject
Project("{FAE04EC0-301F-11D3-BF4B-00C04F79EFBC}") = "PS.Domain", "PS.Domain\PS.Domain.csproj", "{6A3F4DA5-4407-46AF-A3BD-2AC4181E3EBF}"
EndProject
Project("{FAE04EC0-301F-11D3-BF4B-00C04F79EFBC}") = "PS.Application", "PS.Application\PS.Application.csproj", "{E5AB30A9-9FC3-4FB7-835A-E1251850977F}"
EndProject
Global
	GlobalSection(SolutionConfigurationPlatforms) = preSolution
		Debug|Any CPU = Debug|Any CPU
		Release|Any CPU = Release|Any CPU
	EndGlobalSection
	GlobalSection(ProjectConfigurationPlatforms) = postSolution
		{7C2F4B36-8589-42FF-89B3-D997B3CEFEED}.Debug|Any CPU.ActiveCfg = Debug|Any CPU
		{7C2F4B36-8589-42FF-89B3-D997B3CEFEED}.Debug|Any CPU.Build.0 = Debug|Any CPU
		{7C2F4B36-8589-42FF-89B3-D997B3CEFEED}.Release|Any CPU.ActiveCfg = Release|Any CPU
		{7C2F4B36-8589-42FF-89B3-D997B3CEFEED}.Release|Any CPU.Build.0 = Release|Any CPU
		{DABA8E79-6D07-456B-B7A5-16229C0BC6FD}.Debug|Any CPU.ActiveCfg = Debug|Any CPU
		{DABA8E79-6D07-456B-B7A5-16229C0BC6FD}.Debug|Any CPU.Build.0 = Debug|Any CPU
		{DABA8E79-6D07-456B-B7A5-16229C0BC6FD}.Release|Any CPU.ActiveCfg = Release|Any CPU
		{DABA8E79-6D07-456B-B7A5-16229C0BC6FD}.Release|Any CPU.Build.0 = Release|Any CPU
		{6A3F4DA5-4407-46AF-A3BD-2AC4181E3EBF}.Debug|Any CPU.ActiveCfg = Debug|Any CPU
		{6A3F4DA5-4407-46AF-A3BD-2AC4181E3EBF}.Debug|Any CPU.Build.0 = Debug|Any CPU
		{6A3F4DA5-4407-46AF-A3BD-2AC4181E3EBF}.Release|Any CPU.ActiveCfg = Release|Any CPU
		{6A3F4DA5-4407-46AF-A3BD-2AC4181E3EBF}.Release|Any CPU.Build.0 = Release|Any CPU
		{E5AB30A9-9FC3-4FB7-835A-E1251850977F}.Debug|Any CPU.ActiveCfg = Debug|Any CPU
		{E5AB30A9-9FC3-4FB7-835A-E1251850977F}.Debug|Any CPU.Build.0 = Debug|Any CPU
		{E5AB30A9-9FC3-4FB7-835A-E1251850977F}.Release|Any CPU.ActiveCfg = Release|Any CPU
		{E5AB30A9-9FC3-4FB7-835A-E1251850977F}.Release|Any CPU.Build.0 = Release|Any CPU
	EndGlobalSection
	GlobalSection(SolutionProperties) = preSolution
		HideSolutionNode = FALSE
	EndGlobalSection
	GlobalSection(ExtensibilityGlobals) = postSolution
		SolutionGuid = {DBB50B85-D480-4D1B-B93B-540BE5FA06E9}
	EndGlobalSection
EndGlobal
